Microsoft Visual Studio Solution File, Format Version 12.00
# Visual Studio Version 17
VisualStudioVersion = 17.5.2.0
MinimumVisualStudioVersion = 10.0.40219.1
Project("{2150E333-8FDC-42A3-9474-1A3956D46DE8}") = "aplicando-poo", "aplicando-poo", "{61D9FE68-A4F5-D209-5861-581CFF7DD392}"
EndProject
Project("{FAE04EC0-301F-11D3-BF4B-00C04F79EFBC}") = "ScreenSound", "aplicando-poo\ScreenSound\ScreenSound.csproj", "{C8FD6832-42EC-C147-9F23-0EE5AE22D445}"
EndProject
Global
	GlobalSection(SolutionConfigurationPlatforms) = preSolution
		Debug|Any CPU = Debug|Any CPU
		Release|Any CPU = Release|Any CPU
	EndGlobalSection
	GlobalSection(ProjectConfigurationPlatforms) = postSolution
		{C8FD6832-42EC-C147-9F23-0EE5AE22D445}.Debug|Any CPU.ActiveCfg = Debug|Any CPU
		{C8FD6832-42EC-C147-9F23-0EE5AE22D445}.Debug|Any CPU.Build.0 = Debug|Any CPU
		{C8FD6832-42EC-C147-9F23-0EE5AE22D445}.Release|Any CPU.ActiveCfg = Release|Any CPU
		{C8FD6832-42EC-C147-9F23-0EE5AE22D445}.Release|Any CPU.Build.0 = Release|Any CPU
	EndGlobalSection
	GlobalSection(SolutionProperties) = preSolution
		HideSolutionNode = FALSE
	EndGlobalSection
	GlobalSection(NestedProjects) = preSolution
		{C8FD6832-42EC-C147-9F23-0EE5AE22D445} = {61D9FE68-A4F5-D209-5861-581CFF7DD392}
	EndGlobalSection
	GlobalSection(ExtensibilityGlobals) = postSolution
		SolutionGuid = {C96AB63C-B557-4AC9-8050-ABF3A28561A1}
	EndGlobalSection
EndGlobal
